
Microsoft Visual Studio Solution File, Format Version 12.00
# Visual Studio Version 16
VisualStudioVersion = 16.0.31624.102
MinimumVisualStudioVersion = 10.0.40219.1
Project("{FAE04EC0-301F-11D3-BF4B-00C04F79EFBC}") = "AspNetCoreMvc", "AspNetCoreMvc\AspNetCoreMvc.csproj", "{2BB279A8-A4F0-4F03-AFC1-9F111C668C1F}"
EndProject
Global
	GlobalSection(SolutionConfigurationPlatforms) = preSolution
		Debug|Any CPU = Debug|Any CPU
		Release|Any CPU = Release|Any CPU
	EndGlobalSection
	GlobalSection(ProjectConfigurationPlatforms) = postSolution
		{2BB279A8-A4F0-4F03-AFC1-9F111C668C1F}.Debug|Any CPU.ActiveCfg = Debug|Any CPU
		{2BB279A8-A4F0-4F03-AFC1-9F111C668C1F}.Debug|Any CPU.Build.0 = Debug|Any CPU
		{2BB279A8-A4F0-4F03-AFC1-9F111C668C1F}.Release|Any CPU.ActiveCfg = Release|Any CPU
		{2BB279A8-A4F0-4F03-AFC1-9F111C668C1F}.Release|Any CPU.Build.0 = Release|Any CPU
	EndGlobalSection
	GlobalSection(SolutionProperties) = preSolution
		HideSolutionNode = FALSE
	EndGlobalSection
	GlobalSection(ExtensibilityGlobals) = postSolution
		SolutionGuid = {3D21ED9A-F987-4DCF-A7BE-E66AAD88164D}
	EndGlobalSection
EndGlobal
